# This file is @generated by PDM.
# It is not intended for manual editing.

[metadata]
groups = ["default"]
strategy = ["cross_platform", "inherit_metadata"]
lock_version = "4.4.1"
content_hash = "sha256:2206c39aabb02a403156f46dc097d4d7346f5e5ea5ddae5a83eba824d095f47b"

[[package]]
name = "annotated-types"
version = "0.6.0"
requires_python = ">=3.8"
summary = "Reusable constraint types to use with typing.Annotated"
groups = ["default"]
files = [
    {file = "annotated_types-0.6.0-py3-none-any.whl", hash = "sha256:0641064de18ba7a25dee8f96403ebc39113d0cb953a01429249d5c7564666a43"},
    {file = "annotated_types-0.6.0.tar.gz", hash = "sha256:563339e807e53ffd9c267e99fc6d9ea23eb8443c08f112651963e24e22f84a5d"},
]

[[package]]
name = "anyio"
version = "4.3.0"
requires_python = ">=3.8"
summary = "High level compatibility layer for multiple asynchronous event loop implementations"
groups = ["default"]
dependencies = [
    "idna>=2.8",
    "sniffio>=1.1",
]
files = [
    {file = "anyio-4.3.0-py3-none-any.whl", hash = "sha256:048e05d0f6caeed70d731f3db756d35dcc1f35747c8c403364a8332c630441b8"},
    {file = "anyio-4.3.0.tar.gz", hash = "sha256:f75253795a87df48568485fd18cdd2a3fa5c4f7c5be8e5e36637733fce06fed6"},
]

[[package]]
name = "click"
version = "8.1.7"
requires_python = ">=3.7"
summary = "Composable command line interface toolkit"
groups = ["default"]
dependencies = [
    "colorama; platform_system == \"Windows\"",
]
files = [
    {file = "click-8.1.7-py3-none-any.whl", hash = "sha256:ae74fb96c20a0277a1d615f1e4d73c8414f5a98db8b799a7931d1582f3390c28"},
    {file = "click-8.1.7.tar.gz", hash = "sha256:ca9853ad459e787e2192211578cc907e7594e294c7ccc834310722b41b9ca6de"},
]

[[package]]
name = "colorama"
version = "0.4.6"
requires_python = "!=3.0.*,!=3.1.*,!=3.2.*,!=3.3.*,!=3.4.*,!=3.5.*,!=3.6.*,>=2.7"
summary = "Cross-platform colored terminal text."
groups = ["default"]
marker = "platform_system == \"Windows\""
files = [
    {file = "colorama-0.4.6-py2.py3-none-any.whl", hash = "sha256:4f1d9991f5acc0ca119f9d443620b77f9d6b33703e51011c16baf57afb285fc6"},
    {file = "colorama-0.4.6.tar.gz", hash = "sha256:08695f5cb7ed6e0531a20572697297273c47b8cae5a63ffc6d6ed5c201be6e44"},
]

[[package]]
name = "fastapi"
version = "0.110.0"
requires_python = ">=3.8"
summary = "FastAPI framework, high performance, easy to learn, fast to code, ready for production"
groups = ["default"]
dependencies = [
    "pydantic!=1.8,!=1.8.1,!=2.0.0,!=2.0.1,!=2.1.0,<3.0.0,>=1.7.4",
    "starlette<0.37.0,>=0.36.3",
    "typing-extensions>=4.8.0",
]
files = [
    {file = "fastapi-0.110.0-py3-none-any.whl", hash = "sha256:87a1f6fb632a218222c5984be540055346a8f5d8a68e8f6fb647b1dc9934de4b"},
    {file = "fastapi-0.110.0.tar.gz", hash = "sha256:266775f0dcc95af9d3ef39bad55cff525329a931d5fd51930aadd4f428bf7ff3"},
]

[[package]]
name = "greenlet"
version = "3.0.3"
requires_python = ">=3.7"
summary = "Lightweight in-process concurrent programming"
groups = ["default"]
marker = "platform_machine == \"win32\" or platform_machine == \"WIN32\" or platform_machine == \"AMD64\" or platform_machine == \"amd64\" or platform_machine == \"x86_64\" or platform_machine == \"ppc64le\" or platform_machine == \"aarch64\""
files = [
    {file = "greenlet-3.0.3-cp311-cp311-macosx_11_0_universal2.whl", hash = "sha256:b1b5667cced97081bf57b8fa1d6bfca67814b0afd38208d52538316e9422fc61"},
    {file = "greenlet-3.0.3-cp311-cp311-manylinux_2_17_aarch64.manylinux2014_aarch64.whl", hash = "sha256:52f59dd9c96ad2fc0d5724107444f76eb20aaccb675bf825df6435acb7703559"},
    {file = "greenlet-3.0.3-cp311-cp311-manylinux_2_17_ppc64le.manylinux2014_ppc64le.whl", hash = "sha256:afaff6cf5200befd5cec055b07d1c0a5a06c040fe5ad148abcd11ba6ab9b114e"},
    {file = "greenlet-3.0.3-cp311-cp311-manylinux_2_17_s390x.manylinux2014_s390x.whl", hash = "sha256:fe754d231288e1e64323cfad462fcee8f0288654c10bdf4f603a39ed923bef33"},
    {file = "greenlet-3.0.3-cp311-cp311-manylinux_2_17_x86_64.manylinux2014_x86_64.whl", hash = "sha256:2797aa5aedac23af156bbb5a6aa2cd3427ada2972c828244eb7d1b9255846379"},
    {file = "greenlet-3.0.3-cp311-cp311-manylinux_2_24_x86_64.manylinux_2_28_x86_64.whl", hash = "sha256:b7f009caad047246ed379e1c4dbcb8b020f0a390667ea74d2387be2998f58a22"},
    {file = "greenlet-3.0.3-cp311-cp311-musllinux_1_1_aarch64.whl", hash = "sha256:c5e1536de2aad7bf62e27baf79225d0d64360d4168cf2e6becb91baf1ed074f3"},
    {file = "greenlet-3.0.3-cp311-cp311-musllinux_1_1_x86_64.whl", hash = "sha256:894393ce10ceac937e56ec00bb71c4c2f8209ad516e96033e4b3b1de270e200d"},
    {file = "greenlet-3.0.3-cp311-cp311-win_amd64.whl", hash = "sha256:1ea188d4f49089fc6fb283845ab18a2518d279c7cd9da1065d7a84e991748728"},
    {file = "greenlet-3.0.3.tar.gz", hash = "sha256:43374442353259554ce33599da8b692d5aa96f8976d567d4badf263371fbe491"},
]

[[package]]
name = "gunicorn"
version = "21.2.0"
requires_python = ">=3.5"
summary = "WSGI HTTP Server for UNIX"
groups = ["default"]
dependencies = [
    "packaging",
]
files = [
    {file = "gunicorn-21.2.0-py3-none-any.whl", hash = "sha256:3213aa5e8c24949e792bcacfc176fef362e7aac80b76c56f6b5122bf350722f0"},
    {file = "gunicorn-21.2.0.tar.gz", hash = "sha256:88ec8bff1d634f98e61b9f65bc4bf3cd918a90806c6f5c48bc5603849ec81033"},
]

[[package]]
name = "h11"
version = "0.14.0"
requires_python = ">=3.7"
summary = "A pure-Python, bring-your-own-I/O implementation of HTTP/1.1"
groups = ["default"]
files = [
    {file = "h11-0.14.0-py3-none-any.whl", hash = "sha256:e3fe4ac4b851c468cc8363d500db52c2ead036020723024a109d37346efaa761"},
    {file = "h11-0.14.0.tar.gz", hash = "sha256:8f19fbbe99e72420ff35c00b27a34cb9937e902a8b810e2c88300c6f0a3b699d"},
]

[[package]]
name = "idna"
version = "3.6"
requires_python = ">=3.5"
summary = "Internationalized Domain Names in Applications (IDNA)"
groups = ["default"]
files = [
    {file = "idna-3.6-py3-none-any.whl", hash = "sha256:c05567e9c24a6b9faaa835c4821bad0590fbb9d5779e7caa6e1cc4978e7eb24f"},
    {file = "idna-3.6.tar.gz", hash = "sha256:9ecdbbd083b06798ae1e86adcbfe8ab1479cf864e4ee30fe4e46a003d12491ca"},
]

[[package]]
name = "packaging"
version = "24.0"
requires_python = ">=3.7"
summary = "Core utilities for Python packages"
groups = ["default"]
files = [
    {file = "packaging-24.0-py3-none-any.whl", hash = "sha256:2ddfb553fdf02fb784c234c7ba6ccc288296ceabec964ad2eae3777778130bc5"},
    {file = "packaging-24.0.tar.gz", hash = "sha256:eb82c5e3e56209074766e6885bb04b8c38a0c015d0a30036ebe7ece34c9989e9"},
]

[[package]]
name = "pydantic"
version = "2.6.4"
requires_python = ">=3.8"
summary = "Data validation using Python type hints"
groups = ["default"]
dependencies = [
    "annotated-types>=0.4.0",
    "pydantic-core==2.16.3",
    "typing-extensions>=4.6.1",
]
files = [
    {file = "pydantic-2.6.4-py3-none-any.whl", hash = "sha256:cc46fce86607580867bdc3361ad462bab9c222ef042d3da86f2fb333e1d916c5"},
    {file = "pydantic-2.6.4.tar.gz", hash = "sha256:b1704e0847db01817624a6b86766967f552dd9dbf3afba4004409f908dcc84e6"},
]

[[package]]
name = "pydantic-core"
version = "2.16.3"
requires_python = ">=3.8"
summary = ""
groups = ["default"]
dependencies = [
    "typing-extensions!=4.7.0,>=4.6.0",
]
files = [
    {file = "pydantic_core-2.16.3-cp311-cp311-macosx_10_12_x86_64.whl", hash = "sha256:519ae0312616026bf4cedc0fe459e982734f3ca82ee8c7246c19b650b60a5ee4"},
    {file = "pydantic_core-2.16.3-cp311-cp311-macosx_11_0_arm64.whl", hash = "sha256:b3992a322a5617ded0a9f23fd06dbc1e4bd7cf39bc4ccf344b10f80af58beacd"},
    {file = "pydantic_core-2.16.3-cp311-cp311-manylinux_2_17_aarch64.manylinux2014_aarch64.whl", hash = "sha256:8d62da299c6ecb04df729e4b5c52dc0d53f4f8430b4492b93aa8de1f541c4aac"},
    {file = "pydantic_core-2.16.3-cp311-cp311-manylinux_2_17_armv7l.manylinux2014_armv7l.whl", hash = "sha256:2acca2be4bb2f2147ada8cac612f8a98fc09f41c89f87add7256ad27332c2fda"},
    {file = "pydantic_core-2.16.3-cp311-cp311-manylinux_2_17_ppc64le.manylinux2014_ppc64le.whl", hash = "sha256:1b662180108c55dfbf1280d865b2d116633d436cfc0bba82323554873967b340"},
    {file = "pydantic_core-2.16.3-cp311-cp311-manylinux_2_17_s390x.manylinux2014_s390x.whl", hash = "sha256:e7c6ed0dc9d8e65f24f5824291550139fe6f37fac03788d4580da0d33bc00c97"},
    {file = "pydantic_core-2.16.3-cp311-cp311-manylinux_2_17_x86_64.manylinux2014_x86_64.whl", hash = "sha256:a6b1bb0827f56654b4437955555dc3aeeebeddc47c2d7ed575477f082622c49e"},
    {file = "pydantic_core-2.16.3-cp311-cp311-manylinux_2_5_i686.manylinux1_i686.whl", hash = "sha256:e56f8186d6210ac7ece503193ec84104da7ceb98f68ce18c07282fcc2452e76f"},
    {file = "pydantic_core-2.16.3-cp311-cp311-musllinux_1_1_aarch64.whl", hash = "sha256:936e5db01dd49476fa8f4383c259b8b1303d5dd5fb34c97de194560698cc2c5e"},
    {file = "pydantic_core-2.16.3-cp311-cp311-musllinux_1_1_x86_64.whl", hash = "sha256:33809aebac276089b78db106ee692bdc9044710e26f24a9a2eaa35a0f9fa70ba"},
    {file = "pydantic_core-2.16.3-cp311-none-win32.whl", hash = "sha256:ded1c35f15c9dea16ead9bffcde9bb5c7c031bff076355dc58dcb1cb436c4721"},
    {file = "pydantic_core-2.16.3-cp311-none-win_amd64.whl", hash = "sha256:d89ca19cdd0dd5f31606a9329e309d4fcbb3df860960acec32630297d61820df"},
    {file = "pydantic_core-2.16.3-cp311-none-win_arm64.whl", hash = "sha256:6162f8d2dc27ba21027f261e4fa26f8bcb3cf9784b7f9499466a311ac284b5b9"},
    {file = "pydantic_core-2.16.3-pp310-pypy310_pp73-macosx_10_12_x86_64.whl", hash = "sha256:36fa178aacbc277bc6b62a2c3da95226520da4f4e9e206fdf076484363895d2c"},
    {file = "pydantic_core-2.16.3-pp310-pypy310_pp73-macosx_11_0_arm64.whl", hash = "sha256:dcca5d2bf65c6fb591fff92da03f94cd4f315972f97c21975398bd4bd046854a"},
    {file = "pydantic_core-2.16.3-pp310-pypy310_pp73-manylinux_2_17_aarch64.manylinux2014_aarch64.whl", hash = "sha256:2a72fb9963cba4cd5793854fd12f4cfee731e86df140f59ff52a49b3552db241"},
    {file = "pydantic_core-2.16.3-pp310-pypy310_pp73-manylinux_2_17_x86_64.manylinux2014_x86_64.whl", hash = "sha256:b60cc1a081f80a2105a59385b92d82278b15d80ebb3adb200542ae165cd7d183"},
    {file = "pydantic_core-2.16.3-pp310-pypy310_pp73-manylinux_2_5_i686.manylinux1_i686.whl", hash = "sha256:cbcc558401de90a746d02ef330c528f2e668c83350f045833543cd57ecead1ad"},
    {file = "pydantic_core-2.16.3-pp310-pypy310_pp73-musllinux_1_1_aarch64.whl", hash = "sha256:fee427241c2d9fb7192b658190f9f5fd6dfe41e02f3c1489d2ec1e6a5ab1e04a"},
    {file = "pydantic_core-2.16.3-pp310-pypy310_pp73-musllinux_1_1_x86_64.whl", hash = "sha256:f4cb85f693044e0f71f394ff76c98ddc1bc0953e48c061725e540396d5c8a2e1"},
    {file = "pydantic_core-2.16.3-pp310-pypy310_pp73-win_amd64.whl", hash = "sha256:b29eeb887aa931c2fcef5aa515d9d176d25006794610c264ddc114c053bf96fe"},
    {file = "pydantic_core-2.16.3-pp39-pypy39_pp73-macosx_10_12_x86_64.whl", hash = "sha256:a425479ee40ff021f8216c9d07a6a3b54b31c8267c6e17aa88b70d7ebd0e5e5b"},
    {file = "pydantic_core-2.16.3-pp39-pypy39_pp73-macosx_11_0_arm64.whl", hash = "sha256:5c5cbc703168d1b7a838668998308018a2718c2130595e8e190220238addc96f"},
    {file = "pydantic_core-2.16.3-pp39-pypy39_pp73-manylinux_2_17_aarch64.manylinux2014_aarch64.whl", hash = "sha256:99b6add4c0b39a513d323d3b93bc173dac663c27b99860dd5bf491b240d26137"},
    {file = "pydantic_core-2.16.3-pp39-pypy39_pp73-manylinux_2_17_x86_64.manylinux2014_x86_64.whl", hash = "sha256:75f76ee558751746d6a38f89d60b6228fa174e5172d143886af0f85aa306fd89"},
    {file = "pydantic_core-2.16.3-pp39-pypy39_pp73-manylinux_2_5_i686.manylinux1_i686.whl", hash = "sha256:00ee1c97b5364b84cb0bd82e9bbf645d5e2871fb8c58059d158412fee2d33d8a"},
    {file = "pydantic_core-2.16.3-pp39-pypy39_pp73-musllinux_1_1_aarch64.whl", hash = "sha256:287073c66748f624be4cef893ef9174e3eb88fe0b8a78dc22e88eca4bc357ca6"},
    {file = "pydantic_core-2.16.3-pp39-pypy39_pp73-musllinux_1_1_x86_64.whl", hash = "sha256:ed25e1835c00a332cb10c683cd39da96a719ab1dfc08427d476bce41b92531fc"},
    {file = "pydantic_core-2.16.3-pp39-pypy39_pp73-win_amd64.whl", hash = "sha256:86b3d0033580bd6bbe07590152007275bd7af95f98eaa5bd36f3da219dcd93da"},
    {file = "pydantic_core-2.16.3.tar.gz", hash = "sha256:1cac689f80a3abab2d3c0048b29eea5751114054f032a941a32de4c852c59cad"},
]

[[package]]
name = "pymysql"
version = "1.1.0"
requires_python = ">=3.7"
summary = "Pure Python MySQL Driver"
groups = ["default"]
files = [
    {file = "PyMySQL-1.1.0-py3-none-any.whl", hash = "sha256:8969ec6d763c856f7073c4c64662882675702efcb114b4bcbb955aea3a069fa7"},
    {file = "PyMySQL-1.1.0.tar.gz", hash = "sha256:4f13a7df8bf36a51e81dd9f3605fede45a4878fe02f9236349fd82a3f0612f96"},
]

[[package]]
name = "sniffio"
version = "1.3.1"
requires_python = ">=3.7"
summary = "Sniff out which async library your code is running under"
groups = ["default"]
files = [
    {file = "sniffio-1.3.1-py3-none-any.whl", hash = "sha256:2f6da418d1f1e0fddd844478f41680e794e6051915791a034ff65e5f100525a2"},
    {file = "sniffio-1.3.1.tar.gz", hash = "sha256:f4324edc670a0f49750a81b895f35c3adb843cca46f0530f79fc1babb23789dc"},
]

[[package]]
name = "sqlalchemy"
version = "2.0.28"
requires_python = ">=3.7"
summary = "Database Abstraction Library"
groups = ["default"]
dependencies = [
    "greenlet!=0.4.17; platform_machine == \"win32\" or platform_machine == \"WIN32\" or platform_machine == \"AMD64\" or platform_machine == \"amd64\" or platform_machine == \"x86_64\" or platform_machine == \"ppc64le\" or platform_machine == \"aarch64\"",
    "typing-extensions>=4.6.0",
]
files = [
    {file = "SQLAlchemy-2.0.28-cp311-cp311-macosx_10_9_x86_64.whl", hash = "sha256:46a3d4e7a472bfff2d28db838669fc437964e8af8df8ee1e4548e92710929adc"},
    {file = "SQLAlchemy-2.0.28-cp311-cp311-macosx_11_0_arm64.whl", hash = "sha256:0d3dd67b5d69794cfe82862c002512683b3db038b99002171f624712fa71aeaa"},
    {file = "SQLAlchemy-2.0.28-cp311-cp311-manylinux_2_17_aarch64.manylinux2014_aarch64.whl", hash = "sha256:c61e2e41656a673b777e2f0cbbe545323dbe0d32312f590b1bc09da1de6c2a02"},
    {file = "SQLAlchemy-2.0.28-cp311-cp311-manylinux_2_17_x86_64.manylinux2014_x86_64.whl", hash = "sha256:0315d9125a38026227f559488fe7f7cee1bd2fbc19f9fd637739dc50bb6380b2"},
    {file = "SQLAlchemy-2.0.28-cp311-cp311-musllinux_1_1_aarch64.whl", hash = "sha256:af8ce2d31679006e7b747d30a89cd3ac1ec304c3d4c20973f0f4ad58e2d1c4c9"},
    {file = "SQLAlchemy-2.0.28-cp311-cp311-musllinux_1_1_x86_64.whl", hash = "sha256:81ba314a08c7ab701e621b7ad079c0c933c58cdef88593c59b90b996e8b58fa5"},
    {file = "SQLAlchemy-2.0.28-cp311-cp311-win32.whl", hash = "sha256:1ee8bd6d68578e517943f5ebff3afbd93fc65f7ef8f23becab9fa8fb315afb1d"},
    {file = "SQLAlchemy-2.0.28-cp311-cp311-win_amd64.whl", hash = "sha256:ad7acbe95bac70e4e687a4dc9ae3f7a2f467aa6597049eeb6d4a662ecd990bb6"},
    {file = "SQLAlchemy-2.0.28-py3-none-any.whl", hash = "sha256:78bb7e8da0183a8301352d569900d9d3594c48ac21dc1c2ec6b3121ed8b6c986"},
    {file = "SQLAlchemy-2.0.28.tar.gz", hash = "sha256:dd53b6c4e6d960600fd6532b79ee28e2da489322fcf6648738134587faf767b6"},
]

[[package]]
name = "starlette"
version = "0.36.3"
requires_python = ">=3.8"
summary = "The little ASGI library that shines."
groups = ["default"]
dependencies = [
    "anyio<5,>=3.4.0",
]
files = [
    {file = "starlette-0.36.3-py3-none-any.whl", hash = "sha256:13d429aa93a61dc40bf503e8c801db1f1bca3dc706b10ef2434a36123568f044"},
    {file = "starlette-0.36.3.tar.gz", hash = "sha256:90a671733cfb35771d8cc605e0b679d23b992f8dcfad48cc60b38cb29aeb7080"},
]

[[package]]
name = "typing-extensions"
version = "4.10.0"
requires_python = ">=3.8"
summary = "Backported and Experimental Type Hints for Python 3.8+"
groups = ["default"]
files = [
    {file = "typing_extensions-4.10.0-py3-none-any.whl", hash = "sha256:69b1a937c3a517342112fb4c6df7e72fc39a38e7891a5730ed4985b5214b5475"},
    {file = "typing_extensions-4.10.0.tar.gz", hash = "sha256:b0abd7c89e8fb96f98db18d86106ff1d90ab692004eb746cf6eda2682f91b3cb"},
]

[[package]]
name = "uvicorn"
version = "0.28.0"
requires_python = ">=3.8"
summary = "The lightning-fast ASGI server."
groups = ["default"]
dependencies = [
    "click>=7.0",
    "h11>=0.8",
]
files = [
    {file = "uvicorn-0.28.0-py3-none-any.whl", hash = "sha256:6623abbbe6176204a4226e67607b4d52cc60ff62cda0ff177613645cefa2ece1"},
    {file = "uvicorn-0.28.0.tar.gz", hash = "sha256:cab4473b5d1eaeb5a0f6375ac4bc85007ffc75c3cc1768816d9e5d589857b067"},
]
